// !$*UTF8*$!
{
	archiveVersion = 1;
	classes = {
	};
	objectVersion = 46;
	objects = {

/* Begin PBXBuildFile section */
		45B842191F5FAF87006B0606 /* AppDelegate.swift in Sources */ = {isa = PBXBuildFile; fileRef = 45B842181F5FAF87006B0606 /* AppDelegate.swift */; };
		45B8421B1F5FAF87006B0606 /* ViewController.swift in Sources */ = {isa = PBXBuildFile; fileRef = 45B8421A1F5FAF87006B0606 /* ViewController.swift */; };
		45B8421E1F5FAF87006B0606 /* Main.storyboard in Resources */ = {isa = PBXBuildFile; fileRef = 45B8421C1F5FAF87006B0606 /* Main.storyboard */; };
		45B842201F5FAF87006B0606 /* Assets.xcassets in Resources */ = {isa = PBXBuildFile; fileRef = 45B8421F1F5FAF87006B0606 /* Assets.xcassets */; };
		45B842231F5FAF87006B0606 /* LaunchScreen.storyboard in Resources */ = {isa = PBXBuildFile; fileRef = 45B842211F5FAF87006B0606 /* LaunchScreen.storyboard */; };
		45B8422E1F5FAF87006B0606 /* TokopediaTests.swift in Sources */ = {isa = PBXBuildFile; fileRef = 45B8422D1F5FAF87006B0606 /* TokopediaTests.swift */; };
		45B842391F5FAF87006B0606 /* TokopediaUITests.swift in Sources */ = {isa = PBXBuildFile; fileRef = 45B842381F5FAF87006B0606 /* TokopediaUITests.swift */; };
		45FA8C5F1F62B02A00C2EF48 /* NotificationService.swift in Sources */ = {isa = PBXBuildFile; fileRef = 45FA8C5E1F62B02A00C2EF48 /* NotificationService.swift */; };
		45FA8C631F62B02A00C2EF48 /* ServiceExtension.appex in Embed App Extensions */ = {isa = PBXBuildFile; fileRef = 45FA8C5C1F62B02A00C2EF48 /* ServiceExtension.appex */; settings = {ATTRIBUTES = (RemoveHeadersOnCopy, ); }; };
/* End PBXBuildFile section */

/* Begin PBXContainerItemProxy section */
		45B8422A1F5FAF87006B0606 /* PBXContainerItemProxy */ = {
			isa = PBXContainerItemProxy;
			containerPortal = 45B8420D1F5FAF87006B0606 /* Project object */;
			proxyType = 1;
			remoteGlobalIDString = 45B842141F5FAF87006B0606;
			remoteInfo = Tokopedia;
		};
		45B842351F5FAF87006B0606 /* PBXContainerItemProxy */ = {
			isa = PBXContainerItemProxy;
			containerPortal = 45B8420D1F5FAF87006B0606 /* Project object */;
			proxyType = 1;
			remoteGlobalIDString = 45B842141F5FAF87006B0606;
			remoteInfo = Tokopedia;
		};
		45FA8C611F62B02A00C2EF48 /* PBXContainerItemProxy */ = {
			isa = PBXContainerItemProxy;
			containerPortal = 45B8420D1F5FAF87006B0606 /* Project object */;
			proxyType = 1;
			remoteGlobalIDString = 45FA8C5B1F62B02A00C2EF48;
			remoteInfo = ServiceExtension;
		};
/* End PBXContainerItemProxy section */

/* Begin PBXCopyFilesBuildPhase section */
		45FA8C671F62B02A00C2EF48 /* Embed App Extensions */ = {
			isa = PBXCopyFilesBuildPhase;
			buildActionMask = 2147483647;
			dstPath = "";
			dstSubfolderSpec = 13;
			files = (
				45FA8C631F62B02A00C2EF48 /* ServiceExtension.appex in Embed App Extensions */,
			);
			name = "Embed App Extensions";
			runOnlyForDeploymentPostprocessing = 0;
		};
/* End PBXCopyFilesBuildPhase section */

/* Begin PBXFileReference section */
		45B842151F5FAF87006B0606 /* Tokopedia.app */ = {isa = PBXFileReference; explicitFileType = wrapper.application; includeInIndex = 0; path = Tokopedia.app; sourceTree = BUILT_PRODUCTS_DIR; };
		45B842181F5FAF87006B0606 /* AppDelegate.swift */ = {isa = PBXFileReference; lastKnownFileType = sourcecode.swift; path = AppDelegate.swift; sourceTree = "<group>"; };
		45B8421A1F5FAF87006B0606 /* ViewController.swift */ = {isa = PBXFileReference; lastKnownFileType = sourcecode.swift; path = ViewController.swift; sourceTree = "<group>"; };
		45B8421D1F5FAF87006B0606 /* Base */ = {isa = PBXFileReference; lastKnownFileType = file.storyboard; name = Base; path = Base.lproj/Main.storyboard; sourceTree = "<group>"; };
		45B8421F1F5FAF87006B0606 /* Assets.xcassets */ = {isa = PBXFileReference; lastKnownFileType = folder.assetcatalog; path = Assets.xcassets; sourceTree = "<group>"; };
		45B842221F5FAF87006B0606 /* Base */ = {isa = PBXFileReference; lastKnownFileType = file.storyboard; name = Base; path = Base.lproj/LaunchScreen.storyboard; sourceTree = "<group>"; };
		45B842241F5FAF87006B0606 /* Info.plist */ = {isa = PBXFileReference; lastKnownFileType = text.plist.xml; path = Info.plist; sourceTree = "<group>"; };
		45B842291F5FAF87006B0606 /* TokopediaTests.xctest */ = {isa = PBXFileReference; explicitFileType = wrapper.cfbundle; includeInIndex = 0; path = TokopediaTests.xctest; sourceTree = BUILT_PRODUCTS_DIR; };
		45B8422D1F5FAF87006B0606 /* TokopediaTests.swift */ = {isa = PBXFileReference; lastKnownFileType = sourcecode.swift; path = TokopediaTests.swift; sourceTree = "<group>"; };
		45B8422F1F5FAF87006B0606 /* Info.plist */ = {isa = PBXFileReference; lastKnownFileType = text.plist.xml; path = Info.plist; sourceTree = "<group>"; };
		45B842341F5FAF87006B0606 /* TokopediaUITests.xctest */ = {isa = PBXFileReference; explicitFileType = wrapper.cfbundle; includeInIndex = 0; path = TokopediaUITests.xctest; sourceTree = BUILT_PRODUCTS_DIR; };
		45B842381F5FAF87006B0606 /* TokopediaUITests.swift */ = {isa = PBXFileReference; lastKnownFileType = sourcecode.swift; path = TokopediaUITests.swift; sourceTree = "<group>"; };
		45B8423A1F5FAF87006B0606 /* Info.plist */ = {isa = PBXFileReference; lastKnownFileType = text.plist.xml; path = Info.plist; sourceTree = "<group>"; };
		45FA8C5C1F62B02A00C2EF48 /* ServiceExtension.appex */ = {isa = PBXFileReference; explicitFileType = "wrapper.app-extension"; includeInIndex = 0; path = ServiceExtension.appex; sourceTree = BUILT_PRODUCTS_DIR; };
		45FA8C5E1F62B02A00C2EF48 /* NotificationService.swift */ = {isa = PBXFileReference; lastKnownFileType = sourcecode.swift; path = NotificationService.swift; sourceTree = "<group>"; };
		45FA8C601F62B02A00C2EF48 /* Info.plist */ = {isa = PBXFileReference; lastKnownFileType = text.plist.xml; path = Info.plist; sourceTree = "<group>"; };
/* End PBXFileReference section */

/* Begin PBXFrameworksBuildPhase section */
		45B842121F5FAF87006B0606 /* Frameworks */ = {
			isa = PBXFrameworksBuildPhase;
			buildActionMask = 2147483647;
			files = (
			);
			runOnlyForDeploymentPostprocessing = 0;
		};
		45B842261F5FAF87006B0606 /* Frameworks */ = {
			isa = PBXFrameworksBuildPhase;
			buildActionMask = 2147483647;
			files = (
			);
			runOnlyForDeploymentPostprocessing = 0;
		};
		45B842311F5FAF87006B0606 /* Frameworks */ = {
			isa = PBXFrameworksBuildPhase;
			buildActionMask = 2147483647;
			files = (
			);
			runOnlyForDeploymentPostprocessing = 0;
		};
		45FA8C591F62B02A00C2EF48 /* Frameworks */ = {
			isa = PBXFrameworksBuildPhase;
			buildActionMask = 2147483647;
			files = (
			);
			runOnlyForDeploymentPostprocessing = 0;
		};
/* End PBXFrameworksBuildPhase section */

/* Begin PBXGroup section */
		45B8420C1F5FAF87006B0606 = {
			isa = PBXGroup;
			children = (
				45B842171F5FAF87006B0606 /* Tokopedia */,
				45B8422C1F5FAF87006B0606 /* TokopediaTests */,
				45B842371F5FAF87006B0606 /* TokopediaUITests */,
				45FA8C5D1F62B02A00C2EF48 /* ServiceExtension */,
				45B842161F5FAF87006B0606 /* Products */,
			);
			sourceTree = "<group>";
		};
		45B842161F5FAF87006B0606 /* Products */ = {
			isa = PBXGroup;
			children = (
				45B842151F5FAF87006B0606 /* Tokopedia.app */,
				45B842291F5FAF87006B0606 /* TokopediaTests.xctest */,
				45B842341F5FAF87006B0606 /* TokopediaUITests.xctest */,
				45FA8C5C1F62B02A00C2EF48 /* ServiceExtension.appex */,
			);
			name = Products;
			sourceTree = "<group>";
		};
		45B842171F5FAF87006B0606 /* Tokopedia */ = {
			isa = PBXGroup;
			children = (
				45B842181F5FAF87006B0606 /* AppDelegate.swift */,
				45B8421A1F5FAF87006B0606 /* ViewController.swift */,
				45B8421C1F5FAF87006B0606 /* Main.storyboard */,
				45B8421F1F5FAF87006B0606 /* Assets.xcassets */,
				45B842211F5FAF87006B0606 /* LaunchScreen.storyboard */,
				45B842241F5FAF87006B0606 /* Info.plist */,
			);
			path = Tokopedia;
			sourceTree = "<group>";
		};
		45B8422C1F5FAF87006B0606 /* TokopediaTests */ = {
			isa = PBXGroup;
			children = (
				45B8422D1F5FAF87006B0606 /* TokopediaTests.swift */,
				45B8422F1F5FAF87006B0606 /* Info.plist */,
			);
			path = TokopediaTests;
			sourceTree = "<group>";
		};
		45B842371F5FAF87006B0606 /* TokopediaUITests */ = {
			isa = PBXGroup;
			children = (
				45B842381F5FAF87006B0606 /* TokopediaUITests.swift */,
				45B8423A1F5FAF87006B0606 /* Info.plist */,
			);
			path = TokopediaUITests;
			sourceTree = "<group>";
		};
		45FA8C5D1F62B02A00C2EF48 /* ServiceExtension */ = {
			isa = PBXGroup;
			children = (
				45FA8C5E1F62B02A00C2EF48 /* NotificationService.swift */,
				45FA8C601F62B02A00C2EF48 /* Info.plist */,
			);
			path = ServiceExtension;
			sourceTree = "<group>";
		};
/* End PBXGroup section */

/* Begin PBXNativeTarget section */
		45B842141F5FAF87006B0606 /* Tokopedia */ = {
			isa = PBXNativeTarget;
			buildConfigurationList = 45B8423D1F5FAF87006B0606 /* Build configuration list for PBXNativeTarget "Tokopedia" */;
			buildPhases = (
				45B842111F5FAF87006B0606 /* Sources */,
				45B842121F5FAF87006B0606 /* Frameworks */,
				45B842131F5FAF87006B0606 /* Resources */,
				45FA8C671F62B02A00C2EF48 /* Embed App Extensions */,
			);
			buildRules = (
			);
			dependencies = (
				45FA8C621F62B02A00C2EF48 /* PBXTargetDependency */,
			);
			name = Tokopedia;
			productName = Tokopedia;
			productReference = 45B842151F5FAF87006B0606 /* Tokopedia.app */;
			productType = "com.apple.product-type.application";
		};
		45B842281F5FAF87006B0606 /* TokopediaTests */ = {
			isa = PBXNativeTarget;
			buildConfigurationList = 45B842401F5FAF87006B0606 /* Build configuration list for PBXNativeTarget "TokopediaTests" */;
			buildPhases = (
				45B842251F5FAF87006B0606 /* Sources */,
				45B842261F5FAF87006B0606 /* Frameworks */,
				45B842271F5FAF87006B0606 /* Resources */,
			);
			buildRules = (
			);
			dependencies = (
				45B8422B1F5FAF87006B0606 /* PBXTargetDependency */,
			);
			name = TokopediaTests;
			productName = TokopediaTests;
			productReference = 45B842291F5FAF87006B0606 /* TokopediaTests.xctest */;
			productType = "com.apple.product-type.bundle.unit-test";
		};
		45B842331F5FAF87006B0606 /* TokopediaUITests */ = {
			isa = PBXNativeTarget;
			buildConfigurationList = 45B842431F5FAF87006B0606 /* Build configuration list for PBXNativeTarget "TokopediaUITests" */;
			buildPhases = (
				45B842301F5FAF87006B0606 /* Sources */,
				45B842311F5FAF87006B0606 /* Frameworks */,
				45B842321F5FAF87006B0606 /* Resources */,
			);
			buildRules = (
			);
			dependencies = (
				45B842361F5FAF87006B0606 /* PBXTargetDependency */,
			);
			name = TokopediaUITests;
			productName = TokopediaUITests;
			productReference = 45B842341F5FAF87006B0606 /* TokopediaUITests.xctest */;
			productType = "com.apple.product-type.bundle.ui-testing";
		};
		45FA8C5B1F62B02A00C2EF48 /* ServiceExtension */ = {
			isa = PBXNativeTarget;
			buildConfigurationList = 45FA8C661F62B02A00C2EF48 /* Build configuration list for PBXNativeTarget "ServiceExtension" */;
			buildPhases = (
				45FA8C581F62B02A00C2EF48 /* Sources */,
				45FA8C591F62B02A00C2EF48 /* Frameworks */,
				45FA8C5A1F62B02A00C2EF48 /* Resources */,
			);
			buildRules = (
			);
			dependencies = (
			);
			name = ServiceExtension;
			productName = ServiceExtension;
			productReference = 45FA8C5C1F62B02A00C2EF48 /* ServiceExtension.appex */;
			productType = "com.apple.product-type.app-extension";
		};
/* End PBXNativeTarget section */

/* Begin PBXProject section */
		45B8420D1F5FAF87006B0606 /* Project object */ = {
			isa = PBXProject;
			attributes = {
				LastSwiftUpdateCheck = 0830;
				LastUpgradeCheck = 0830;
				ORGANIZATIONNAME = Tokopedia;
				TargetAttributes = {
					45B842141F5FAF87006B0606 = {
						CreatedOnToolsVersion = 8.3.2;
						DevelopmentTeam = YQP4A2M94J;
						ProvisioningStyle = Manual;
					};
					45B842281F5FAF87006B0606 = {
						CreatedOnToolsVersion = 8.3.2;
						DevelopmentTeam = YQP4A2M94J;
						ProvisioningStyle = Manual;
						TestTargetID = 45B842141F5FAF87006B0606;
					};
					45B842331F5FAF87006B0606 = {
						CreatedOnToolsVersion = 8.3.2;
						DevelopmentTeam = YQP4A2M94J;
						ProvisioningStyle = Manual;
						TestTargetID = 45B842141F5FAF87006B0606;
					};
					45FA8C5B1F62B02A00C2EF48 = {
						CreatedOnToolsVersion = 8.3.2;
						ProvisioningStyle = Manual;
					};
				};
			};
			buildConfigurationList = 45B842101F5FAF87006B0606 /* Build configuration list for PBXProject "Tokopedia" */;
			compatibilityVersion = "Xcode 3.2";
			developmentRegion = English;
			hasScannedForEncodings = 0;
			knownRegions = (
				en,
				Base,
			);
			mainGroup = 45B8420C1F5FAF87006B0606;
			productRefGroup = 45B842161F5FAF87006B0606 /* Products */;
			projectDirPath = "";
			projectRoot = "";
			targets = (
				45B842141F5FAF87006B0606 /* Tokopedia */,
				45B842281F5FAF87006B0606 /* TokopediaTests */,
				45B842331F5FAF87006B0606 /* TokopediaUITests */,
				45FA8C5B1F62B02A00C2EF48 /* ServiceExtension */,
			);
		};
/* End PBXProject section */

/* Begin PBXResourcesBuildPhase section */
		45B842131F5FAF87006B0606 /* Resources */ = {
			isa = PBXResourcesBuildPhase;
			buildActionMask = 2147483647;
			files = (
				45B842231F5FAF87006B0606 /* LaunchScreen.storyboard in Resources */,
				45B842201F5FAF87006B0606 /* Assets.xcassets in Resources */,
				45B8421E1F5FAF87006B0606 /* Main.storyboard in Resources */,
			);
			runOnlyForDeploymentPostprocessing = 0;
		};
		45B842271F5FAF87006B0606 /* Resources */ = {
			isa = PBXResourcesBuildPhase;
			buildActionMask = 2147483647;
			files = (
			);
			runOnlyForDeploymentPostprocessing = 0;
		};
		45B842321F5FAF87006B0606 /* Resources */ = {
			isa = PBXResourcesBuildPhase;
			buildActionMask = 2147483647;
			files = (
			);
			runOnlyForDeploymentPostprocessing = 0;
		};
		45FA8C5A1F62B02A00C2EF48 /* Resources */ = {
			isa = PBXResourcesBuildPhase;
			buildActionMask = 2147483647;
			files = (
			);
			runOnlyForDeploymentPostprocessing = 0;
		};
/* End PBXResourcesBuildPhase section */

/* Begin PBXSourcesBuildPhase section */
		45B842111F5FAF87006B0606 /* Sources */ = {
			isa = PBXSourcesBuildPhase;
			buildActionMask = 2147483647;
			files = (
				45B8421B1F5FAF87006B0606 /* ViewController.swift in Sources */,
				45B842191F5FAF87006B0606 /* AppDelegate.swift in Sources */,
			);
			runOnlyForDeploymentPostprocessing = 0;
		};
		45B842251F5FAF87006B0606 /* Sources */ = {
			isa = PBXSourcesBuildPhase;
			buildActionMask = 2147483647;
			files = (
				45B8422E1F5FAF87006B0606 /* TokopediaTests.swift in Sources */,
			);
			runOnlyForDeploymentPostprocessing = 0;
		};
		45B842301F5FAF87006B0606 /* Sources */ = {
			isa = PBXSourcesBuildPhase;
			buildActionMask = 2147483647;
			files = (
				45B842391F5FAF87006B0606 /* TokopediaUITests.swift in Sources */,
			);
			runOnlyForDeploymentPostprocessing = 0;
		};
		45FA8C581F62B02A00C2EF48 /* Sources */ = {
			isa = PBXSourcesBuildPhase;
			buildActionMask = 2147483647;
			files = (
				45FA8C5F1F62B02A00C2EF48 /* NotificationService.swift in Sources */,
			);
			runOnlyForDeploymentPostprocessing = 0;
		};
/* End PBXSourcesBuildPhase section */

/* Begin PBXTargetDependency section */
		45B8422B1F5FAF87006B0606 /* PBXTargetDependency */ = {
			isa = PBXTargetDependency;
			target = 45B842141F5FAF87006B0606 /* Tokopedia */;
			targetProxy = 45B8422A1F5FAF87006B0606 /* PBXContainerItemProxy */;
		};
		45B842361F5FAF87006B0606 /* PBXTargetDependency */ = {
			isa = PBXTargetDependency;
			target = 45B842141F5FAF87006B0606 /* Tokopedia */;
			targetProxy = 45B842351F5FAF87006B0606 /* PBXContainerItemProxy */;
		};
		45FA8C621F62B02A00C2EF48 /* PBXTargetDependency */ = {
			isa = PBXTargetDependency;
			target = 45FA8C5B1F62B02A00C2EF48 /* ServiceExtension */;
			targetProxy = 45FA8C611F62B02A00C2EF48 /* PBXContainerItemProxy */;
		};
/* End PBXTargetDependency section */

/* Begin PBXVariantGroup section */
		45B8421C1F5FAF87006B0606 /* Main.storyboard */ = {
			isa = PBXVariantGroup;
			children = (
				45B8421D1F5FAF87006B0606 /* Base */,
			);
			name = Main.storyboard;
			sourceTree = "<group>";
		};
		45B842211F5FAF87006B0606 /* LaunchScreen.storyboard */ = {
			isa = PBXVariantGroup;
			children = (
				45B842221F5FAF87006B0606 /* Base */,
			);
			name = LaunchScreen.storyboard;
			sourceTree = "<group>";
		};
/* End PBXVariantGroup section */

/* Begin XCBuildConfiguration section */
		45B8423B1F5FAF87006B0606 /* Debug */ = {
			isa = XCBuildConfiguration;
			buildSettings = {
				ALWAYS_SEARCH_USER_PATHS = NO;
				CLANG_ANALYZER_NONNULL = YES;
				CLANG_ANALYZER_NUMBER_OBJECT_CONVERSION = YES_AGGRESSIVE;
				CLANG_CXX_LANGUAGE_STANDARD = "gnu++0x";
				CLANG_CXX_LIBRARY = "libc++";
				CLANG_ENABLE_MODULES = YES;
				CLANG_ENABLE_OBJC_ARC = YES;
				CLANG_WARN_BOOL_CONVERSION = YES;
				CLANG_WARN_CONSTANT_CONVERSION = YES;
				CLANG_WARN_DIRECT_OBJC_ISA_USAGE = YES_ERROR;
				CLANG_WARN_DOCUMENTATION_COMMENTS = YES;
				CLANG_WARN_EMPTY_BODY = YES;
				CLANG_WARN_ENUM_CONVERSION = YES;
				CLANG_WARN_INFINITE_RECURSION = YES;
				CLANG_WARN_INT_CONVERSION = YES;
				CLANG_WARN_OBJC_ROOT_CLASS = YES_ERROR;
				CLANG_WARN_SUSPICIOUS_MOVE = YES;
				CLANG_WARN_UNREACHABLE_CODE = YES;
				CLANG_WARN__DUPLICATE_METHOD_MATCH = YES;
				"CODE_SIGN_IDENTITY[sdk=iphoneos*]" = "iPhone Developer";
				COPY_PHASE_STRIP = NO;
				DEBUG_INFORMATION_FORMAT = dwarf;
				ENABLE_STRICT_OBJC_MSGSEND = YES;
				ENABLE_TESTABILITY = YES;
				GCC_C_LANGUAGE_STANDARD = gnu99;
				GCC_DYNAMIC_NO_PIC = NO;
				GCC_NO_COMMON_BLOCKS = YES;
				GCC_OPTIMIZATION_LEVEL = 0;
				GCC_PREPROCESSOR_DEFINITIONS = (
					"DEBUG=1",
					"$(inherited)",
				);
				GCC_WARN_64_TO_32_BIT_CONVERSION = YES;
				GCC_WARN_ABOUT_RETURN_TYPE = YES_ERROR;
				GCC_WARN_UNDECLARED_SELECTOR = YES;
				GCC_WARN_UNINITIALIZED_AUTOS = YES_AGGRESSIVE;
				GCC_WARN_UNUSED_FUNCTION = YES;
				GCC_WARN_UNUSED_VARIABLE = YES;
				IPHONEOS_DEPLOYMENT_TARGET = 10.3;
				MTL_ENABLE_DEBUG_INFO = YES;
				ONLY_ACTIVE_ARCH = YES;
				SDKROOT = iphoneos;
				SWIFT_ACTIVE_COMPILATION_CONDITIONS = DEBUG;
				SWIFT_OPTIMIZATION_LEVEL = "-Onone";
				TARGETED_DEVICE_FAMILY = "1,2";
			};
			name = Debug;
		};
		45B8423C1F5FAF87006B0606 /* Release */ = {
			isa = XCBuildConfiguration;
			buildSettings = {
				ALWAYS_SEARCH_USER_PATHS = NO;
				CLANG_ANALYZER_NONNULL = YES;
				CLANG_ANALYZER_NUMBER_OBJECT_CONVERSION = YES_AGGRESSIVE;
				CLANG_CXX_LANGUAGE_STANDARD = "gnu++0x";
				CLANG_CXX_LIBRARY = "libc++";
				CLANG_ENABLE_MODULES = YES;
				CLANG_ENABLE_OBJC_ARC = YES;
				CLANG_WARN_BOOL_CONVERSION = YES;
				CLANG_WARN_CONSTANT_CONVERSION = YES;
				CLANG_WARN_DIRECT_OBJC_ISA_USAGE = YES_ERROR;
				CLANG_WARN_DOCUMENTATION_COMMENTS = YES;
				CLANG_WARN_EMPTY_BODY = YES;
				CLANG_WARN_ENUM_CONVERSION = YES;
				CLANG_WARN_INFINITE_RECURSION = YES;
				CLANG_WARN_INT_CONVERSION = YES;
				CLANG_WARN_OBJC_ROOT_CLASS = YES_ERROR;
				CLANG_WARN_SUSPICIOUS_MOVE = YES;
				CLANG_WARN_UNREACHABLE_CODE = YES;
				CLANG_WARN__DUPLICATE_METHOD_MATCH = YES;
				"CODE_SIGN_IDENTITY[sdk=iphoneos*]" = "iPhone Developer";
				COPY_PHASE_STRIP = NO;
				DEBUG_INFORMATION_FORMAT = "dwarf-with-dsym";
				ENABLE_NS_ASSERTIONS = NO;
				ENABLE_STRICT_OBJC_MSGSEND = YES;
				GCC_C_LANGUAGE_STANDARD = gnu99;
				GCC_NO_COMMON_BLOCKS = YES;
				GCC_WARN_64_TO_32_BIT_CONVERSION = YES;
				GCC_WARN_ABOUT_RETURN_TYPE = YES_ERROR;
				GCC_WARN_UNDECLARED_SELECTOR = YES;
				GCC_WARN_UNINITIALIZED_AUTOS = YES_AGGRESSIVE;
				GCC_WARN_UNUSED_FUNCTION = YES;
				GCC_WARN_UNUSED_VARIABLE = YES;
				IPHONEOS_DEPLOYMENT_TARGET = 10.3;
				MTL_ENABLE_DEBUG_INFO = NO;
				SDKROOT = iphoneos;
				SWIFT_OPTIMIZATION_LEVEL = "-Owholemodule";
				TARGETED_DEVICE_FAMILY = "1,2";
				VALIDATE_PRODUCT = YES;
			};
			name = Release;
		};
		45B8423E1F5FAF87006B0606 /* Debug */ = {
			isa = XCBuildConfiguration;
			buildSettings = {
				ALWAYS_EMBED_SWIFT_STANDARD_LIBRARIES = YES;
				ASSETCATALOG_COMPILER_APPICON_NAME = AppIcon;
				CODE_SIGN_IDENTITY = "iPhone Developer";
				"CODE_SIGN_IDENTITY[sdk=iphoneos*]" = "iPhone Distribution";
				CURRENT_PROJECT_VERSION = 201709061815;
				DEVELOPMENT_TEAM = YQP4A2M94J;
				INFOPLIST_FILE = Tokopedia/Info.plist;
				IPHONEOS_DEPLOYMENT_TARGET = 8.0;
				LD_RUNPATH_SEARCH_PATHS = "$(inherited) @executable_path/Frameworks";
				PRODUCT_BUNDLE_IDENTIFIER = com.tokopedia.Tokopedia;
				PRODUCT_NAME = "$(TARGET_NAME)";
				PROVISIONING_PROFILE = "06196ab5-bbcc-46f6-909e-c967c03f1c5f";
				PROVISIONING_PROFILE_SPECIFIER = "AdHoc Distribution New";
				SWIFT_VERSION = 3.0;
			};
			name = Debug;
		};
		45B8423F1F5FAF87006B0606 /* Release */ = {
			isa = XCBuildConfiguration;
			buildSettings = {
				ALWAYS_EMBED_SWIFT_STANDARD_LIBRARIES = YES;
				ASSETCATALOG_COMPILER_APPICON_NAME = AppIcon;
				CODE_SIGN_IDENTITY = "iPhone Distribution";
				"CODE_SIGN_IDENTITY[sdk=iphoneos*]" = "iPhone Distribution";
				CURRENT_PROJECT_VERSION = 201709061815;
				DEVELOPMENT_TEAM = YQP4A2M94J;
				INFOPLIST_FILE = Tokopedia/Info.plist;
				IPHONEOS_DEPLOYMENT_TARGET = 8.0;
				LD_RUNPATH_SEARCH_PATHS = "$(inherited) @executable_path/Frameworks";
				PRODUCT_BUNDLE_IDENTIFIER = com.tokopedia.Tokopedia;
				PRODUCT_NAME = "$(TARGET_NAME)";
				PROVISIONING_PROFILE = "06196ab5-bbcc-46f6-909e-c967c03f1c5f";
				PROVISIONING_PROFILE_SPECIFIER = "AdHoc Distribution New";
				SWIFT_VERSION = 3.0;
			};
			name = Release;
		};
		45B842411F5FAF87006B0606 /* Debug */ = {
			isa = XCBuildConfiguration;
			buildSettings = {
				ALWAYS_EMBED_SWIFT_STANDARD_LIBRARIES = YES;
				BUNDLE_LOADER = "$(TEST_HOST)";
				DEVELOPMENT_TEAM = YQP4A2M94J;
				INFOPLIST_FILE = TokopediaTests/Info.plist;
				LD_RUNPATH_SEARCH_PATHS = "$(inherited) @executable_path/Frameworks @loader_path/Frameworks";
				PRODUCT_BUNDLE_IDENTIFIER = com.tokopedia.TokopediaTests;
				PRODUCT_NAME = "$(TARGET_NAME)";
				SWIFT_VERSION = 3.0;
				TEST_HOST = "$(BUILT_PRODUCTS_DIR)/Tokopedia.app/Tokopedia";
			};
			name = Debug;
		};
		45B842421F5FAF87006B0606 /* Release */ = {
			isa = XCBuildConfiguration;
			buildSettings = {
				ALWAYS_EMBED_SWIFT_STANDARD_LIBRARIES = YES;
				BUNDLE_LOADER = "$(TEST_HOST)";
				DEVELOPMENT_TEAM = YQP4A2M94J;
				INFOPLIST_FILE = TokopediaTests/Info.plist;
				LD_RUNPATH_SEARCH_PATHS = "$(inherited) @executable_path/Frameworks @loader_path/Frameworks";
				PRODUCT_BUNDLE_IDENTIFIER = com.tokopedia.TokopediaTests;
				PRODUCT_NAME = "$(TARGET_NAME)";
				SWIFT_VERSION = 3.0;
				TEST_HOST = "$(BUILT_PRODUCTS_DIR)/Tokopedia.app/Tokopedia";
			};
			name = Release;
		};
		45B842441F5FAF87006B0606 /* Debug */ = {
			isa = XCBuildConfiguration;
			buildSettings = {
				ALWAYS_EMBED_SWIFT_STANDARD_LIBRARIES = YES;
				DEVELOPMENT_TEAM = YQP4A2M94J;
				INFOPLIST_FILE = TokopediaUITests/Info.plist;
				LD_RUNPATH_SEARCH_PATHS = "$(inherited) @executable_path/Frameworks @loader_path/Frameworks";
				PRODUCT_BUNDLE_IDENTIFIER = com.tokopedia.TokopediaUITests;
				PRODUCT_NAME = "$(TARGET_NAME)";
				SWIFT_VERSION = 3.0;
				TEST_TARGET_NAME = Tokopedia;
			};
			name = Debug;
		};
		45B842451F5FAF87006B0606 /* Release */ = {
			isa = XCBuildConfiguration;
			buildSettings = {
				ALWAYS_EMBED_SWIFT_STANDARD_LIBRARIES = YES;
				DEVELOPMENT_TEAM = YQP4A2M94J;
				INFOPLIST_FILE = TokopediaUITests/Info.plist;
				LD_RUNPATH_SEARCH_PATHS = "$(inherited) @executable_path/Frameworks @loader_path/Frameworks";
				PRODUCT_BUNDLE_IDENTIFIER = com.tokopedia.TokopediaUITests;
				PRODUCT_NAME = "$(TARGET_NAME)";
				SWIFT_VERSION = 3.0;
				TEST_TARGET_NAME = Tokopedia;
			};
			name = Release;
		};
		45FA8C641F62B02A00C2EF48 /* Debug */ = {
			isa = XCBuildConfiguration;
			buildSettings = {
				CODE_SIGN_IDENTITY = "iPhone Developer";
				"CODE_SIGN_IDENTITY[sdk=iphoneos*]" = "iPhone Distribution";
				DEVELOPMENT_TEAM = YQP4A2M94J;
				INFOPLIST_FILE = ServiceExtension/Info.plist;
				LD_RUNPATH_SEARCH_PATHS = "$(inherited) @executable_path/Frameworks @executable_path/../../Frameworks";
				PRODUCT_BUNDLE_IDENTIFIER = com.tokopedia.Tokopedia.ServiceExtension;
				PRODUCT_NAME = "$(TARGET_NAME)";
				PROVISIONING_PROFILE = "3df60903-fec4-45f6-bd06-b42ee1fd8952";
				PROVISIONING_PROFILE_SPECIFIER = "XC iOS: com.tokopedia.Tokopedia.ServiceExtension";
				SKIP_INSTALL = YES;
				SWIFT_VERSION = 3.0;
			};
			name = Debug;
		};
		45FA8C651F62B02A00C2EF48 /* Release */ = {
			isa = XCBuildConfiguration;
			buildSettings = {
				CODE_SIGN_IDENTITY = "iPhone Distribution";
				"CODE_SIGN_IDENTITY[sdk=iphoneos*]" = "iPhone Distribution";
				DEVELOPMENT_TEAM = "";
				INFOPLIST_FILE = ServiceExtension/Info.plist;
				LD_RUNPATH_SEARCH_PATHS = "$(inherited) @executable_path/Frameworks @executable_path/../../Frameworks";
				PRODUCT_BUNDLE_IDENTIFIER = com.tokopedia.Tokopedia.ServiceExtension;
				PRODUCT_NAME = "$(TARGET_NAME)";
				PROVISIONING_PROFILE_SPECIFIER = "";
				SKIP_INSTALL = YES;
				SWIFT_VERSION = 3.0;
			};
			name = Release;
		};
/* End XCBuildConfiguration section */

/* Begin XCConfigurationList section */
		45B842101F5FAF87006B0606 /* Build configuration list for PBXProject "Tokopedia" */ = {
			isa = XCConfigurationList;
			buildConfigurations = (
				45B8423B1F5FAF87006B0606 /* Debug */,
				45B8423C1F5FAF87006B0606 /* Release */,
			);
			defaultConfigurationIsVisible = 0;
			defaultConfigurationName = Release;
		};
		45B8423D1F5FAF87006B0606 /* Build configuration list for PBXNativeTarget "Tokopedia" */ = {
			isa = XCConfigurationList;
			buildConfigurations = (
				45B8423E1F5FAF87006B0606 /* Debug */,
				45B8423F1F5FAF87006B0606 /* Release */,
			);
			defaultConfigurationIsVisible = 0;
			defaultConfigurationName = Release;
		};
		45B842401F5FAF87006B0606 /* Build configuration list for PBXNativeTarget "TokopediaTests" */ = {
			isa = XCConfigurationList;
			buildConfigurations = (
				45B842411F5FAF87006B0606 /* Debug */,
				45B842421F5FAF87006B0606 /* Release */,
			);
			defaultConfigurationIsVisible = 0;
			defaultConfigurationName = Release;
		};
		45B842431F5FAF87006B0606 /* Build configuration list for PBXNativeTarget "TokopediaUITests" */ = {
			isa = XCConfigurationList;
			buildConfigurations = (
				45B842441F5FAF87006B0606 /* Debug */,
				45B842451F5FAF87006B0606 /* Release */,
			);
			defaultConfigurationIsVisible = 0;
			defaultConfigurationName = Release;
		};
		45FA8C661F62B02A00C2EF48 /* Build configuration list for PBXNativeTarget "ServiceExtension" */ = {
			isa = XCConfigurationList;
			buildConfigurations = (
				45FA8C641F62B02A00C2EF48 /* Debug */,
				45FA8C651F62B02A00C2EF48 /* Release */,
			);
			defaultConfigurationIsVisible = 0;
		};
/* End XCConfigurationList section */
	};
	rootObject = 45B8420D1F5FAF87006B0606 /* Project object */;
}
